
Microsoft Visual Studio Solution File, Format Version 12.00
# Visual Studio 15
Project("{FAE04EC0-301F-11D3-BF4B-00C04F79EFBC}") = "미니프로젝트_WanabeNC", "미니프로젝트_WanabeNC.csproj", "{97ECCDB1-A487-4757-9DE1-4493CA549ADD}"
EndProject
Global
	GlobalSection(SolutionConfigurationPlatforms) = preSolution
		Debug|Any CPU = Debug|Any CPU
		Release|Any CPU = Release|Any CPU
	EndGlobalSection
	GlobalSection(ProjectConfigurationPlatforms) = postSolution
		{97ECCDB1-A487-4757-9DE1-4493CA549ADD}.Debug|Any CPU.ActiveCfg = Debug|Any CPU
		{97ECCDB1-A487-4757-9DE1-4493CA549ADD}.Debug|Any CPU.Build.0 = Debug|Any CPU
		{97ECCDB1-A487-4757-9DE1-4493CA549ADD}.Release|Any CPU.ActiveCfg = Release|Any CPU
		{97ECCDB1-A487-4757-9DE1-4493CA549ADD}.Release|Any CPU.Build.0 = Release|Any CPU
	EndGlobalSection
	GlobalSection(SolutionProperties) = preSolution
		HideSolutionNode = FALSE
	EndGlobalSection
EndGlobal
